
Microsoft Visual Studio Solution File, Format Version 12.00
# Visual Studio 15
VisualStudioVersion = 15.0.27703.2035
MinimumVisualStudioVersion = 10.0.40219.1
Project("{9A19103F-16F7-4668-BE54-9A1E7A4F7556}") = "CommandLineInjector", "src\CommandLineInjector\CommandLineInjector.csproj", "{6FBBC1DF-1C25-4D2F-86B2-A74F369855AE}"
EndProject
Project("{9A19103F-16F7-4668-BE54-9A1E7A4F7556}") = "CommandLineInjector.StructureMap", "src\CommandLineInjector.StructureMap\CommandLineInjector.StructureMap.csproj", "{AE9D1436-53A6-4A4A-9825-3091D21738D8}"
EndProject
Project("{9A19103F-16F7-4668-BE54-9A1E7A4F7556}") = "CommandLineInjector.Tests", "src\CommandLineInjector.Tests\CommandLineInjector.Tests.csproj", "{44682B1C-F6AF-4641-B858-0680E294C200}"
EndProject
Project("{9A19103F-16F7-4668-BE54-9A1E7A4F7556}") = "CommandLineInjector.StructureMap.Tests", "src\CommandLineInjector.StructureMap.Tests\CommandLineInjector.StructureMap.Tests.csproj", "{B007C60B-EF11-4B79-AE62-DC60E876E10C}"
EndProject
Project("{9A19103F-16F7-4668-BE54-9A1E7A4F7556}") = "CommandLineInjector.StructureMap.Example", "examples\CommandLineInjector.StructureMap.Example\CommandLineInjector.StructureMap.Example.csproj", "{3B4DCEB3-FD60-4AC7-92FC-5745C2C89FC8}"
EndProject
Project("{9A19103F-16F7-4668-BE54-9A1E7A4F7556}") = "CommandLineInjector.ExampleBase", "examples\CommandLineInjector.ExampleBase\CommandLineInjector.ExampleBase.csproj", "{C3860FA5-DEAE-4D6C-AF45-6449A8A0BBDE}"
EndProject
Project("{9A19103F-16F7-4668-BE54-9A1E7A4F7556}") = "CommandLineInjector.Lamar", "src\CommandLineInjector.Lamar\CommandLineInjector.Lamar.csproj", "{ED81A2B9-610F-409A-935B-EBD0FCF60954}"
EndProject
Project("{9A19103F-16F7-4668-BE54-9A1E7A4F7556}") = "CommandLineInjector.Lamar.Tests", "src\CommandLineInjector.Lamar.Tests\CommandLineInjector.Lamar.Tests.csproj", "{52194C48-5010-40D5-966F-F551F854837E}"
EndProject
Project("{9A19103F-16F7-4668-BE54-9A1E7A4F7556}") = "CommandLineInjector.Lamar.Example", "examples\CommandLineInjector.Lamar.Example\CommandLineInjector.Lamar.Example.csproj", "{A9517ACE-2092-4E77-A36B-DF6B0191B4E0}"
EndProject
Project("{FAE04EC0-301F-11D3-BF4B-00C04F79EFBC}") = "CommandLineInjector.Autofac", "src\CommandLineInjector.Autofac\CommandLineInjector.Autofac.csproj", "{3A0245E4-12FA-4E39-8EF8-51BE7DBC4C23}"
EndProject
Project("{FAE04EC0-301F-11D3-BF4B-00C04F79EFBC}") = "CommandLineInjector.Autofac.Tests", "src\CommandLineInjector.Autofac.Tests\CommandLineInjector.Autofac.Tests.csproj", "{6A6EC39B-3AD4-4488-AA92-909CA05FEBE3}"
EndProject
Project("{FAE04EC0-301F-11D3-BF4B-00C04F79EFBC}") = "CommandLineInjector.Autofac.Example", "examples\CommandLineInjector.Autofac.Example\CommandLineInjector.Autofac.Example.csproj", "{D67B6F5D-3B0A-4ADD-BEB3-2194C047AA98}"
EndProject
Global
	GlobalSection(SolutionConfigurationPlatforms) = preSolution
		Debug|Any CPU = Debug|Any CPU
		Release|Any CPU = Release|Any CPU
	EndGlobalSection
	GlobalSection(ProjectConfigurationPlatforms) = postSolution
		{6FBBC1DF-1C25-4D2F-86B2-A74F369855AE}.Debug|Any CPU.ActiveCfg = Debug|Any CPU
		{6FBBC1DF-1C25-4D2F-86B2-A74F369855AE}.Debug|Any CPU.Build.0 = Debug|Any CPU
		{6FBBC1DF-1C25-4D2F-86B2-A74F369855AE}.Release|Any CPU.ActiveCfg = Release|Any CPU
		{6FBBC1DF-1C25-4D2F-86B2-A74F369855AE}.Release|Any CPU.Build.0 = Release|Any CPU
		{AE9D1436-53A6-4A4A-9825-3091D21738D8}.Debug|Any CPU.ActiveCfg = Debug|Any CPU
		{AE9D1436-53A6-4A4A-9825-3091D21738D8}.Debug|Any CPU.Build.0 = Debug|Any CPU
		{AE9D1436-53A6-4A4A-9825-3091D21738D8}.Release|Any CPU.ActiveCfg = Release|Any CPU
		{AE9D1436-53A6-4A4A-9825-3091D21738D8}.Release|Any CPU.Build.0 = Release|Any CPU
		{44682B1C-F6AF-4641-B858-0680E294C200}.Debug|Any CPU.ActiveCfg = Debug|Any CPU
		{44682B1C-F6AF-4641-B858-0680E294C200}.Debug|Any CPU.Build.0 = Debug|Any CPU
		{44682B1C-F6AF-4641-B858-0680E294C200}.Release|Any CPU.ActiveCfg = Release|Any CPU
		{44682B1C-F6AF-4641-B858-0680E294C200}.Release|Any CPU.Build.0 = Release|Any CPU
		{B007C60B-EF11-4B79-AE62-DC60E876E10C}.Debug|Any CPU.ActiveCfg = Debug|Any CPU
		{B007C60B-EF11-4B79-AE62-DC60E876E10C}.Debug|Any CPU.Build.0 = Debug|Any CPU
		{B007C60B-EF11-4B79-AE62-DC60E876E10C}.Release|Any CPU.ActiveCfg = Release|Any CPU
		{B007C60B-EF11-4B79-AE62-DC60E876E10C}.Release|Any CPU.Build.0 = Release|Any CPU
		{3B4DCEB3-FD60-4AC7-92FC-5745C2C89FC8}.Debug|Any CPU.ActiveCfg = Debug|Any CPU
		{3B4DCEB3-FD60-4AC7-92FC-5745C2C89FC8}.Debug|Any CPU.Build.0 = Debug|Any CPU
		{3B4DCEB3-FD60-4AC7-92FC-5745C2C89FC8}.Release|Any CPU.ActiveCfg = Release|Any CPU
		{3B4DCEB3-FD60-4AC7-92FC-5745C2C89FC8}.Release|Any CPU.Build.0 = Release|Any CPU
		{C3860FA5-DEAE-4D6C-AF45-6449A8A0BBDE}.Debug|Any CPU.ActiveCfg = Debug|Any CPU
		{C3860FA5-DEAE-4D6C-AF45-6449A8A0BBDE}.Debug|Any CPU.Build.0 = Debug|Any CPU
		{C3860FA5-DEAE-4D6C-AF45-6449A8A0BBDE}.Release|Any CPU.ActiveCfg = Release|Any CPU
		{C3860FA5-DEAE-4D6C-AF45-6449A8A0BBDE}.Release|Any CPU.Build.0 = Release|Any CPU
		{ED81A2B9-610F-409A-935B-EBD0FCF60954}.Debug|Any CPU.ActiveCfg = Debug|Any CPU
		{ED81A2B9-610F-409A-935B-EBD0FCF60954}.Debug|Any CPU.Build.0 = Debug|Any CPU
		{ED81A2B9-610F-409A-935B-EBD0FCF60954}.Release|Any CPU.ActiveCfg = Release|Any CPU
		{ED81A2B9-610F-409A-935B-EBD0FCF60954}.Release|Any CPU.Build.0 = Release|Any CPU
		{52194C48-5010-40D5-966F-F551F854837E}.Debug|Any CPU.ActiveCfg = Debug|Any CPU
		{52194C48-5010-40D5-966F-F551F854837E}.Debug|Any CPU.Build.0 = Debug|Any CPU
		{52194C48-5010-40D5-966F-F551F854837E}.Release|Any CPU.ActiveCfg = Release|Any CPU
		{52194C48-5010-40D5-966F-F551F854837E}.Release|Any CPU.Build.0 = Release|Any CPU
		{A9517ACE-2092-4E77-A36B-DF6B0191B4E0}.Debug|Any CPU.ActiveCfg = Debug|Any CPU
		{A9517ACE-2092-4E77-A36B-DF6B0191B4E0}.Debug|Any CPU.Build.0 = Debug|Any CPU
		{A9517ACE-2092-4E77-A36B-DF6B0191B4E0}.Release|Any CPU.ActiveCfg = Release|Any CPU
		{A9517ACE-2092-4E77-A36B-DF6B0191B4E0}.Release|Any CPU.Build.0 = Release|Any CPU
		{3A0245E4-12FA-4E39-8EF8-51BE7DBC4C23}.Debug|Any CPU.ActiveCfg = Debug|Any CPU
		{3A0245E4-12FA-4E39-8EF8-51BE7DBC4C23}.Debug|Any CPU.Build.0 = Debug|Any CPU
		{3A0245E4-12FA-4E39-8EF8-51BE7DBC4C23}.Release|Any CPU.ActiveCfg = Release|Any CPU
		{3A0245E4-12FA-4E39-8EF8-51BE7DBC4C23}.Release|Any CPU.Build.0 = Release|Any CPU
		{6A6EC39B-3AD4-4488-AA92-909CA05FEBE3}.Debug|Any CPU.ActiveCfg = Debug|Any CPU
		{6A6EC39B-3AD4-4488-AA92-909CA05FEBE3}.Debug|Any CPU.Build.0 = Debug|Any CPU
		{6A6EC39B-3AD4-4488-AA92-909CA05FEBE3}.Release|Any CPU.ActiveCfg = Release|Any CPU
		{6A6EC39B-3AD4-4488-AA92-909CA05FEBE3}.Release|Any CPU.Build.0 = Release|Any CPU
		{D67B6F5D-3B0A-4ADD-BEB3-2194C047AA98}.Debug|Any CPU.ActiveCfg = Debug|Any CPU
		{D67B6F5D-3B0A-4ADD-BEB3-2194C047AA98}.Debug|Any CPU.Build.0 = Debug|Any CPU
		{D67B6F5D-3B0A-4ADD-BEB3-2194C047AA98}.Release|Any CPU.ActiveCfg = Release|Any CPU
		{D67B6F5D-3B0A-4ADD-BEB3-2194C047AA98}.Release|Any CPU.Build.0 = Release|Any CPU
	EndGlobalSection
	GlobalSection(SolutionProperties) = preSolution
		HideSolutionNode = FALSE
	EndGlobalSection
	GlobalSection(ExtensibilityGlobals) = postSolution
		SolutionGuid = {1364BC5A-B33F-45ED-8A85-221ADE20283C}
	EndGlobalSection
EndGlobal
